
Microsoft Visual Studio Solution File, Format Version 12.00
# Visual Studio Version 17
VisualStudioVersion = 17.13.35931.197 d17.13
MinimumVisualStudioVersion = 10.0.40219.1
Project("{FAE04EC0-301F-11D3-BF4B-00C04F79EFBC}") = "Vehicle", "Vehicle.csproj", "{4D1F7BDA-CE6B-4D36-B4E9-AA9247FF5F15}"
EndProject
Project("{FAE04EC0-301F-11D3-BF4B-00C04F79EFBC}") = "VehicleLibrary", "..\CarLibrary\VehicleLibrary.csproj", "{DBE4B9BB-BC5A-449E-A560-E11F62C7E555}"
EndProject
Global
	GlobalSection(SolutionConfigurationPlatforms) = preSolution
		Debug|Any CPU = Debug|Any CPU
		Release|Any CPU = Release|Any CPU
	EndGlobalSection
	GlobalSection(ProjectConfigurationPlatforms) = postSolution
		{4D1F7BDA-CE6B-4D36-B4E9-AA9247FF5F15}.Debug|Any CPU.ActiveCfg = Debug|Any CPU
		{4D1F7BDA-CE6B-4D36-B4E9-AA9247FF5F15}.Debug|Any CPU.Build.0 = Debug|Any CPU
		{4D1F7BDA-CE6B-4D36-B4E9-AA9247FF5F15}.Release|Any CPU.ActiveCfg = Release|Any CPU
		{4D1F7BDA-CE6B-4D36-B4E9-AA9247FF5F15}.Release|Any CPU.Build.0 = Release|Any CPU
		{DBE4B9BB-BC5A-449E-A560-E11F62C7E555}.Debug|Any CPU.ActiveCfg = Debug|Any CPU
		{DBE4B9BB-BC5A-449E-A560-E11F62C7E555}.Debug|Any CPU.Build.0 = Debug|Any CPU
		{DBE4B9BB-BC5A-449E-A560-E11F62C7E555}.Release|Any CPU.ActiveCfg = Release|Any CPU
		{DBE4B9BB-BC5A-449E-A560-E11F62C7E555}.Release|Any CPU.Build.0 = Release|Any CPU
	EndGlobalSection
	GlobalSection(SolutionProperties) = preSolution
		HideSolutionNode = FALSE
	EndGlobalSection
	GlobalSection(ExtensibilityGlobals) = postSolution
		SolutionGuid = {BF43271B-5068-4985-BE90-8938D8A5DAB9}
	EndGlobalSection
EndGlobal
